{
  "name": "knowledge-driven-test-platform",
  "version": "0.12.0",
  "lockfileVersion": 3,
  "requires": true,
  "packages": {
    "": {
      "name": "knowledge-driven-test-platform",
      "version": "0.12.0",
      "workspaces": [
        "apps/*",
        "packages/*"
      ],
      "engines": {
        "node": ">=22"
      }
    },
    "apps/knowledge-cli": {
      "name": "@kdtp/knowledge-cli",
      "version": "0.1.0",
      "bin": {
        "kdtp-knowledge": "src/cli.js"
      }
    },
    "apps/read-only-governance-service": {
      "name": "@kdtp/read-only-governance-service",
      "version": "0.1.0",
      "dependencies": {
        "@kdtp/governance-auth-oidc": "0.1.0",
        "@kdtp/governance-http": "0.1.0",
        "@kdtp/governance-query": "0.1.0",
        "@kdtp/knowledge-governance-postgres": "0.1.0",
        "@kdtp/knowledge-registry-postgres": "0.1.0",
        "@kdtp/project-membership-postgres": "0.1.0"
      },
      "bin": {
        "kdtp-read-only-governance": "src/main.js"
      },
      "peerDependencies": {
        "pg": ">=8.22.0 <9"
      },
      "peerDependenciesMeta": {
        "pg": {
          "optional": true
        }
      }
    },
    "apps/test-plan-cli": {
      "name": "@kdtp/test-plan-cli",
      "version": "0.1.0",
      "dependencies": {
        "@kdtp/test-planning-orchestration": "0.1.0"
      },
      "bin": {
        "kdtp-plan": "src/main.js"
      }
    },
    "node_modules/@kdtp/governance-auth-oidc": {
      "resolved": "packages/governance-auth-oidc",
      "link": true
    },
    "node_modules/@kdtp/governance-http": {
      "resolved": "packages/governance-http",
      "link": true
    },
    "node_modules/@kdtp/governance-query": {
      "resolved": "packages/governance-query",
      "link": true
    },
    "node_modules/@kdtp/knowledge-cli": {
      "resolved": "apps/knowledge-cli",
      "link": true
    },
    "node_modules/@kdtp/knowledge-core": {
      "resolved": "packages/knowledge-core",
      "link": true
    },
    "node_modules/@kdtp/knowledge-governance": {
      "resolved": "packages/knowledge-governance",
      "link": true
    },
    "node_modules/@kdtp/knowledge-governance-postgres": {
      "resolved": "packages/knowledge-governance-postgres",
      "link": true
    },
    "node_modules/@kdtp/knowledge-registry": {
      "resolved": "packages/knowledge-registry",
      "link": true
    },
    "node_modules/@kdtp/knowledge-registry-postgres": {
      "resolved": "packages/knowledge-registry-postgres",
      "link": true
    },
    "node_modules/@kdtp/project-membership": {
      "resolved": "packages/project-membership",
      "link": true
    },
    "node_modules/@kdtp/project-membership-postgres": {
      "resolved": "packages/project-membership-postgres",
      "link": true
    },
    "node_modules/@kdtp/read-only-governance-service": {
      "resolved": "apps/read-only-governance-service",
      "link": true
    },
    "node_modules/@kdtp/test-capability": {
      "resolved": "packages/test-capability",
      "link": true
    },
    "node_modules/@kdtp/test-plan": {
      "resolved": "packages/test-plan",
      "link": true
    },
    "node_modules/@kdtp/test-plan-cli": {
      "resolved": "apps/test-plan-cli",
      "link": true
    },
    "node_modules/@kdtp/test-plan-governance": {
      "resolved": "packages/test-plan-governance",
      "link": true
    },
    "node_modules/@kdtp/test-plan-http": {
      "resolved": "packages/test-plan-http",
      "link": true
    },
    "node_modules/@kdtp/test-plan-postgres": {
      "resolved": "packages/test-plan-postgres",
      "link": true
    },
    "node_modules/@kdtp/test-plan-query": {
      "resolved": "packages/test-plan-query",
      "link": true
    },
    "node_modules/@kdtp/test-plan-registry": {
      "resolved": "packages/test-plan-registry",
      "link": true
    },
    "node_modules/@kdtp/test-planner": {
      "resolved": "packages/test-planner",
      "link": true
    },
    "node_modules/@kdtp/test-planning-orchestration": {
      "resolved": "packages/test-planning-orchestration",
      "link": true
    },
    "packages/governance-auth-oidc": {
      "name": "@kdtp/governance-auth-oidc",
      "version": "0.1.0",
      "dependencies": {
        "@kdtp/governance-http": "0.1.0"
      }
    },
    "packages/governance-http": {
      "name": "@kdtp/governance-http",
      "version": "0.1.0",
      "dependencies": {
        "@kdtp/governance-query": "0.1.0"
      }
    },
    "packages/governance-query": {
      "name": "@kdtp/governance-query",
      "version": "0.1.0",
      "dependencies": {
        "@kdtp/knowledge-core": "0.1.0",
        "@kdtp/knowledge-governance": "0.1.0",
        "@kdtp/knowledge-registry": "0.1.0"
      }
    },
    "packages/knowledge-core": {
      "name": "@kdtp/knowledge-core",
      "version": "0.1.0"
    },
    "packages/knowledge-governance": {
      "name": "@kdtp/knowledge-governance",
      "version": "0.1.0",
      "dependencies": {
        "@kdtp/knowledge-core": "0.1.0",
        "@kdtp/knowledge-registry": "0.1.0"
      }
    },
    "packages/knowledge-governance-postgres": {
      "name": "@kdtp/knowledge-governance-postgres",
      "version": "0.1.0",
      "dependencies": {
        "@kdtp/knowledge-core": "0.1.0",
        "@kdtp/knowledge-governance": "0.1.0",
        "@kdtp/knowledge-registry": "0.1.0",
        "@kdtp/knowledge-registry-postgres": "0.1.0"
      },
      "peerDependencies": {
        "pg": ">=8.22.0 <9"
      },
      "peerDependenciesMeta": {
        "pg": {
          "optional": true
        }
      }
    },
    "packages/knowledge-registry": {
      "name": "@kdtp/knowledge-registry",
      "version": "0.1.0"
    },
    "packages/knowledge-registry-postgres": {
      "name": "@kdtp/knowledge-registry-postgres",
      "version": "0.1.0",
      "dependencies": {
        "@kdtp/knowledge-registry": "0.1.0"
      },
      "peerDependencies": {
        "pg": ">=8.22.0 <9"
      },
      "peerDependenciesMeta": {
        "pg": {
          "optional": true
        }
      }
    },
    "packages/project-membership": {
      "name": "@kdtp/project-membership",
      "version": "0.1.0",
      "dependencies": {
        "@kdtp/knowledge-governance": "0.1.0"
      }
    },
    "packages/project-membership-postgres": {
      "name": "@kdtp/project-membership-postgres",
      "version": "0.1.0",
      "dependencies": {
        "@kdtp/knowledge-governance": "0.1.0",
        "@kdtp/knowledge-registry-postgres": "0.1.0",
        "@kdtp/project-membership": "0.1.0"
      },
      "peerDependencies": {
        "pg": ">=8.22.0 <9"
      },
      "peerDependenciesMeta": {
        "pg": {
          "optional": true
        }
      }
    },
    "packages/test-capability": {
      "name": "@kdtp/test-capability",
      "version": "0.1.0",
      "dependencies": {
        "@kdtp/knowledge-core": "0.1.0",
        "@kdtp/test-plan": "0.1.0"
      }
    },
    "packages/test-plan": {
      "name": "@kdtp/test-plan",
      "version": "0.1.0",
      "dependencies": {
        "@kdtp/knowledge-core": "0.1.0",
        "@kdtp/knowledge-governance": "0.1.0"
      }
    },
    "packages/test-plan-governance": {
      "name": "@kdtp/test-plan-governance",
      "version": "0.1.0",
      "dependencies": {
        "@kdtp/knowledge-governance": "0.1.0",
        "@kdtp/test-plan-registry": "0.1.0"
      }
    },
    "packages/test-plan-http": {
      "name": "@kdtp/test-plan-http",
      "version": "0.1.0",
      "dependencies": {
        "@kdtp/governance-http": "0.1.0",
        "@kdtp/test-plan-query": "0.1.0"
      }
    },
    "packages/test-plan-postgres": {
      "name": "@kdtp/test-plan-postgres",
      "version": "0.1.0",
      "dependencies": {
        "@kdtp/knowledge-registry-postgres": "0.1.0",
        "@kdtp/test-plan": "0.1.0",
        "@kdtp/test-plan-registry": "0.1.0"
      },
      "peerDependencies": {
        "pg": ">=8.0.0"
      },
      "peerDependenciesMeta": {
        "pg": {
          "optional": true
        }
      }
    },
    "packages/test-plan-query": {
      "name": "@kdtp/test-plan-query",
      "version": "0.1.0",
      "dependencies": {
        "@kdtp/governance-query": "0.1.0",
        "@kdtp/knowledge-governance": "0.1.0",
        "@kdtp/test-plan": "0.1.0",
        "@kdtp/test-plan-registry": "0.1.0"
      }
    },
    "packages/test-plan-registry": {
      "name": "@kdtp/test-plan-registry",
      "version": "0.1.0",
      "dependencies": {
        "@kdtp/knowledge-core": "0.1.0",
        "@kdtp/test-plan": "0.1.0",
        "@kdtp/test-planner": "0.1.0"
      }
    },
    "packages/test-planner": {
      "name": "@kdtp/test-planner",
      "version": "0.1.0",
      "dependencies": {
        "@kdtp/knowledge-core": "0.1.0",
        "@kdtp/test-capability": "0.1.0",
        "@kdtp/test-plan": "0.1.0"
      }
    },
    "packages/test-planning-orchestration": {
      "name": "@kdtp/test-planning-orchestration",
      "version": "0.1.0",
      "dependencies": {
        "@kdtp/knowledge-registry-postgres": "0.1.0",
        "@kdtp/test-plan": "0.1.0",
        "@kdtp/test-plan-governance": "0.1.0",
        "@kdtp/test-plan-postgres": "0.1.0",
        "@kdtp/test-plan-registry": "0.1.0",
        "@kdtp/test-planner": "0.1.0"
      },
      "peerDependencies": {
        "pg": ">=8.0.0"
      },
      "peerDependenciesMeta": {
        "pg": {
          "optional": true
        }
      }
    }
  }
}
