{
  "name": "knowledge-driven-test-platform",
  "version": "0.1.0",
  "lockfileVersion": 3,
  "requires": true,
  "packages": {
    "": {
      "name": "knowledge-driven-test-platform",
      "version": "0.1.0",
      "workspaces": [
        "apps/*",
        "packages/*"
      ],
      "engines": {
        "node": ">=22"
      }
    },
    "apps/knowledge-cli": {
      "name": "@kdtp/knowledge-cli",
      "version": "0.1.0",
      "bin": {
        "kdtp-knowledge": "src/cli.js"
      }
    },
    "node_modules/@kdtp/knowledge-cli": {
      "resolved": "apps/knowledge-cli",
      "link": true
    },
    "node_modules/@kdtp/knowledge-core": {
      "resolved": "packages/knowledge-core",
      "link": true
    },
    "packages/knowledge-core": {
      "name": "@kdtp/knowledge-core",
      "version": "0.1.0"
    }
  }
}
